
Microsoft Visual Studio Solution File, Format Version 12.00
# Visual Studio Version 17
VisualStudioVersion = 17.7.34031.279
MinimumVisualStudioVersion = 10.0.40219.1
Project("{8BC9CEB8-8B4A-11D0-8D11-00A0C91BC942}") = "template func", "template func\template func.vcxproj", "{ED089C6B-73AB-43EC-B382-7BBA68A19EB2}"
EndProject
Global
	GlobalSection(SolutionConfigurationPlatforms) = preSolution
		Debug|x64 = Debug|x64
		Debug|x86 = Debug|x86
		Release|x64 = Release|x64
		Release|x86 = Release|x86
	EndGlobalSection
	GlobalSection(ProjectConfigurationPlatforms) = postSolution
		{ED089C6B-73AB-43EC-B382-7BBA68A19EB2}.Debug|x64.ActiveCfg = Debug|x64
		{ED089C6B-73AB-43EC-B382-7BBA68A19EB2}.Debug|x64.Build.0 = Debug|x64
		{ED089C6B-73AB-43EC-B382-7BBA68A19EB2}.Debug|x86.ActiveCfg = Debug|Win32
		{ED089C6B-73AB-43EC-B382-7BBA68A19EB2}.Debug|x86.Build.0 = Debug|Win32
		{ED089C6B-73AB-43EC-B382-7BBA68A19EB2}.Release|x64.ActiveCfg = Release|x64
		{ED089C6B-73AB-43EC-B382-7BBA68A19EB2}.Release|x64.Build.0 = Release|x64
		{ED089C6B-73AB-43EC-B382-7BBA68A19EB2}.Release|x86.ActiveCfg = Release|Win32
		{ED089C6B-73AB-43EC-B382-7BBA68A19EB2}.Release|x86.Build.0 = Release|Win32
	EndGlobalSection
	GlobalSection(SolutionProperties) = preSolution
		HideSolutionNode = FALSE
	EndGlobalSection
	GlobalSection(ExtensibilityGlobals) = postSolution
		SolutionGuid = {7CF79D2E-2237-4919-8D02-F645FD519E17}
	EndGlobalSection
EndGlobal
